
Microsoft Visual Studio Solution File, Format Version 12.00
# Visual Studio 14
VisualStudioVersion = 14.0.25123.0
MinimumVisualStudioVersion = 10.0.40219.1
Project("{FAE04EC0-301F-11D3-BF4B-00C04F79EFBC}") = "BuildDataDriver", "TFSDriverLogic\BuildDataDriver.csproj", "{3A48292D-43A0-4254-A92C-DE1D90B896C8}"
EndProject
Project("{FAE04EC0-301F-11D3-BF4B-00C04F79EFBC}") = "FTIPusherService", "TFSSynchronizerService\FTIPusherService.csproj", "{ED76CCB8-9C40-4142-BED7-4FF900315DB6}"
EndProject
Project("{FAE04EC0-301F-11D3-BF4B-00C04F79EFBC}") = "BuildDataRunner", "BuildDataRunner\BuildDataRunner.csproj", "{BD93EDAC-ED5E-4916-8140-C4294669934C}"
EndProject
Project("{FAE04EC0-301F-11D3-BF4B-00C04F79EFBC}") = "PusherDataLogging", "ExternalUtils\PusherDataLogging.csproj", "{B5AB15C8-A361-484B-91ED-4EE7EA6AD01F}"
EndProject
Project("{2150E333-8FDC-42A3-9474-1A3956D46DE8}") = "Components", "Components", "{B35D4CC6-49F9-4DF9-9391-8CE3B0054B2D}"
EndProject
Project("{FAE04EC0-301F-11D3-BF4B-00C04F79EFBC}") = "BuildDataDriverTest", "BuildDataDriverTest\BuildDataDriverTest.csproj", "{D5BFA64F-05EE-4116-844B-33A96BF50D01}"
EndProject
Global
	GlobalSection(SolutionConfigurationPlatforms) = preSolution
		Debug|Any CPU = Debug|Any CPU
		Debug|x64 = Debug|x64
		Debug|x86 = Debug|x86
		Release|Any CPU = Release|Any CPU
		Release|x64 = Release|x64
		Release|x86 = Release|x86
	EndGlobalSection
	GlobalSection(ProjectConfigurationPlatforms) = postSolution
		{3A48292D-43A0-4254-A92C-DE1D90B896C8}.Debug|Any CPU.ActiveCfg = Debug|Any CPU
		{3A48292D-43A0-4254-A92C-DE1D90B896C8}.Debug|Any CPU.Build.0 = Debug|Any CPU
		{3A48292D-43A0-4254-A92C-DE1D90B896C8}.Debug|x64.ActiveCfg = Debug|x64
		{3A48292D-43A0-4254-A92C-DE1D90B896C8}.Debug|x64.Build.0 = Debug|x64
		{3A48292D-43A0-4254-A92C-DE1D90B896C8}.Debug|x86.ActiveCfg = Debug|Any CPU
		{3A48292D-43A0-4254-A92C-DE1D90B896C8}.Debug|x86.Build.0 = Debug|Any CPU
		{3A48292D-43A0-4254-A92C-DE1D90B896C8}.Release|Any CPU.ActiveCfg = Release|Any CPU
		{3A48292D-43A0-4254-A92C-DE1D90B896C8}.Release|Any CPU.Build.0 = Release|Any CPU
		{3A48292D-43A0-4254-A92C-DE1D90B896C8}.Release|x64.ActiveCfg = Release|x64
		{3A48292D-43A0-4254-A92C-DE1D90B896C8}.Release|x64.Build.0 = Release|x64
		{3A48292D-43A0-4254-A92C-DE1D90B896C8}.Release|x86.ActiveCfg = Release|x86
		{3A48292D-43A0-4254-A92C-DE1D90B896C8}.Release|x86.Build.0 = Release|x86
		{ED76CCB8-9C40-4142-BED7-4FF900315DB6}.Debug|Any CPU.ActiveCfg = Debug|Any CPU
		{ED76CCB8-9C40-4142-BED7-4FF900315DB6}.Debug|Any CPU.Build.0 = Debug|Any CPU
		{ED76CCB8-9C40-4142-BED7-4FF900315DB6}.Debug|x64.ActiveCfg = Debug|x64
		{ED76CCB8-9C40-4142-BED7-4FF900315DB6}.Debug|x64.Build.0 = Debug|x64
		{ED76CCB8-9C40-4142-BED7-4FF900315DB6}.Debug|x86.ActiveCfg = Debug|Any CPU
		{ED76CCB8-9C40-4142-BED7-4FF900315DB6}.Debug|x86.Build.0 = Debug|Any CPU
		{ED76CCB8-9C40-4142-BED7-4FF900315DB6}.Release|Any CPU.ActiveCfg = Release|Any CPU
		{ED76CCB8-9C40-4142-BED7-4FF900315DB6}.Release|Any CPU.Build.0 = Release|Any CPU
		{ED76CCB8-9C40-4142-BED7-4FF900315DB6}.Release|x64.ActiveCfg = Release|x64
		{ED76CCB8-9C40-4142-BED7-4FF900315DB6}.Release|x64.Build.0 = Release|x64
		{ED76CCB8-9C40-4142-BED7-4FF900315DB6}.Release|x86.ActiveCfg = Release|x86
		{ED76CCB8-9C40-4142-BED7-4FF900315DB6}.Release|x86.Build.0 = Release|x86
		{BD93EDAC-ED5E-4916-8140-C4294669934C}.Debug|Any CPU.ActiveCfg = Debug|Any CPU
		{BD93EDAC-ED5E-4916-8140-C4294669934C}.Debug|x64.ActiveCfg = Debug|Any CPU
		{BD93EDAC-ED5E-4916-8140-C4294669934C}.Debug|x86.ActiveCfg = Debug|Any CPU
		{BD93EDAC-ED5E-4916-8140-C4294669934C}.Debug|x86.Build.0 = Debug|Any CPU
		{BD93EDAC-ED5E-4916-8140-C4294669934C}.Release|Any CPU.ActiveCfg = Release|Any CPU
		{BD93EDAC-ED5E-4916-8140-C4294669934C}.Release|x64.ActiveCfg = Release|Any CPU
		{BD93EDAC-ED5E-4916-8140-C4294669934C}.Release|x86.ActiveCfg = Release|Any CPU
		{B5AB15C8-A361-484B-91ED-4EE7EA6AD01F}.Debug|Any CPU.ActiveCfg = Release|Any CPU
		{B5AB15C8-A361-484B-91ED-4EE7EA6AD01F}.Debug|x64.ActiveCfg = Debug|Any CPU
		{B5AB15C8-A361-484B-91ED-4EE7EA6AD01F}.Debug|x86.ActiveCfg = Debug|Any CPU
		{B5AB15C8-A361-484B-91ED-4EE7EA6AD01F}.Release|Any CPU.ActiveCfg = Release|Any CPU
		{B5AB15C8-A361-484B-91ED-4EE7EA6AD01F}.Release|x64.ActiveCfg = Release|Any CPU
		{B5AB15C8-A361-484B-91ED-4EE7EA6AD01F}.Release|x86.ActiveCfg = Release|Any CPU
		{D5BFA64F-05EE-4116-844B-33A96BF50D01}.Debug|Any CPU.ActiveCfg = Debug|Any CPU
		{D5BFA64F-05EE-4116-844B-33A96BF50D01}.Debug|Any CPU.Build.0 = Debug|Any CPU
		{D5BFA64F-05EE-4116-844B-33A96BF50D01}.Debug|x64.ActiveCfg = Debug|Any CPU
		{D5BFA64F-05EE-4116-844B-33A96BF50D01}.Debug|x64.Build.0 = Debug|Any CPU
		{D5BFA64F-05EE-4116-844B-33A96BF50D01}.Debug|x86.ActiveCfg = Debug|Any CPU
		{D5BFA64F-05EE-4116-844B-33A96BF50D01}.Debug|x86.Build.0 = Debug|Any CPU
		{D5BFA64F-05EE-4116-844B-33A96BF50D01}.Release|Any CPU.ActiveCfg = Release|Any CPU
		{D5BFA64F-05EE-4116-844B-33A96BF50D01}.Release|Any CPU.Build.0 = Release|Any CPU
		{D5BFA64F-05EE-4116-844B-33A96BF50D01}.Release|x64.ActiveCfg = Release|Any CPU
		{D5BFA64F-05EE-4116-844B-33A96BF50D01}.Release|x64.Build.0 = Release|Any CPU
		{D5BFA64F-05EE-4116-844B-33A96BF50D01}.Release|x86.ActiveCfg = Release|Any CPU
		{D5BFA64F-05EE-4116-844B-33A96BF50D01}.Release|x86.Build.0 = Release|Any CPU
	EndGlobalSection
	GlobalSection(SolutionProperties) = preSolution
		HideSolutionNode = FALSE
	EndGlobalSection
	GlobalSection(NestedProjects) = preSolution
		{B5AB15C8-A361-484B-91ED-4EE7EA6AD01F} = {B35D4CC6-49F9-4DF9-9391-8CE3B0054B2D}
	EndGlobalSection
EndGlobal
